
Microsoft Visual Studio Solution File, Format Version 12.00
# Visual Studio Version 17
VisualStudioVersion = 17.5.002.0
MinimumVisualStudioVersion = 10.0.40219.1
Project("{9A19103F-16F7-4668-BE54-9A1E7A4F7556}") = "restrictedApi", "restrictedApi.csproj", "{4A10451E-3200-480A-8356-762BF3A91D8C}"
EndProject
Global
	GlobalSection(SolutionConfigurationPlatforms) = preSolution
		Debug|Any CPU = Debug|Any CPU
		Release|Any CPU = Release|Any CPU
	EndGlobalSection
	GlobalSection(ProjectConfigurationPlatforms) = postSolution
		{4A10451E-3200-480A-8356-762BF3A91D8C}.Debug|Any CPU.ActiveCfg = Debug|Any CPU
		{4A10451E-3200-480A-8356-762BF3A91D8C}.Debug|Any CPU.Build.0 = Debug|Any CPU
		{4A10451E-3200-480A-8356-762BF3A91D8C}.Release|Any CPU.ActiveCfg = Release|Any CPU
		{4A10451E-3200-480A-8356-762BF3A91D8C}.Release|Any CPU.Build.0 = Release|Any CPU
	EndGlobalSection
	GlobalSection(SolutionProperties) = preSolution
		HideSolutionNode = FALSE
	EndGlobalSection
	GlobalSection(ExtensibilityGlobals) = postSolution
		SolutionGuid = {CD4B4BC5-02B6-4A05-A513-5F1F2B2E79F1}
	EndGlobalSection
EndGlobal
